Microsoft Visual Studio Solution File, Format Version 12.00
# Visual Studio Version 17
VisualStudioVersion = 17.5.2.0
MinimumVisualStudioVersion = 10.0.40219.1
Project("{2150E333-8FDC-42A3-9474-1A3956D46DE8}") = "windows", "windows", "{AF50D07C-CBCD-524F-DB50-1B7C7AC32620}"
EndProject
Project("{FAE04EC0-301F-11D3-BF4B-00C04F79EFBC}") = "browser-as-wallpaper", "windows\browser-as-wallpaper.csproj", "{08515AE6-6BB1-B094-FFF1-3F80D28D7052}"
EndProject
Global
	GlobalSection(SolutionConfigurationPlatforms) = preSolution
		Debug|Any CPU = Debug|Any CPU
		Release|Any CPU = Release|Any CPU
	EndGlobalSection
	GlobalSection(ProjectConfigurationPlatforms) = postSolution
		{08515AE6-6BB1-B094-FFF1-3F80D28D7052}.Debug|Any CPU.ActiveCfg = Debug|Any CPU
		{08515AE6-6BB1-B094-FFF1-3F80D28D7052}.Debug|Any CPU.Build.0 = Debug|Any CPU
		{08515AE6-6BB1-B094-FFF1-3F80D28D7052}.Release|Any CPU.ActiveCfg = Release|Any CPU
		{08515AE6-6BB1-B094-FFF1-3F80D28D7052}.Release|Any CPU.Build.0 = Release|Any CPU
	EndGlobalSection
	GlobalSection(SolutionProperties) = preSolution
		HideSolutionNode = FALSE
	EndGlobalSection
	GlobalSection(NestedProjects) = preSolution
		{08515AE6-6BB1-B094-FFF1-3F80D28D7052} = {AF50D07C-CBCD-524F-DB50-1B7C7AC32620}
	EndGlobalSection
	GlobalSection(ExtensibilityGlobals) = postSolution
		SolutionGuid = {5259FA24-9496-4F55-81C6-69FC22087D51}
	EndGlobalSection
EndGlobal
